
Microsoft Visual Studio Solution File, Format Version 12.00
# Visual Studio 15
VisualStudioVersion = 15.0.28010.2050
MinimumVisualStudioVersion = 10.0.40219.1
Project("{FAE04EC0-301F-11D3-BF4B-00C04F79EFBC}") = "Wzor", "Wzor\Wzor.csproj", "{64DF0D36-67C1-4E71-82CE-00B8CD27A201}"
EndProject
Global
	GlobalSection(SolutionConfigurationPlatforms) = preSolution
		Debug|Any CPU = Debug|Any CPU
		Release|Any CPU = Release|Any CPU
	EndGlobalSection
	GlobalSection(ProjectConfigurationPlatforms) = postSolution
		{64DF0D36-67C1-4E71-82CE-00B8CD27A201}.Debug|Any CPU.ActiveCfg = Debug|Any CPU
		{64DF0D36-67C1-4E71-82CE-00B8CD27A201}.Debug|Any CPU.Build.0 = Debug|Any CPU
		{64DF0D36-67C1-4E71-82CE-00B8CD27A201}.Release|Any CPU.ActiveCfg = Release|Any CPU
		{64DF0D36-67C1-4E71-82CE-00B8CD27A201}.Release|Any CPU.Build.0 = Release|Any CPU
	EndGlobalSection
	GlobalSection(SolutionProperties) = preSolution
		HideSolutionNode = FALSE
	EndGlobalSection
	GlobalSection(ExtensibilityGlobals) = postSolution
		SolutionGuid = {CB02EA1E-171E-4806-9E7B-57BABD3103BB}
	EndGlobalSection
EndGlobal
